{
  "name": "punkapi",
  "lockfileVersion": 3,
  "requires": true,
  "packages": {
    "": {
      "dependencies": {
        "brewdog-js": "^3.0.1",
        "punkapi-db": "^2.6.0",
        "punkapi-lib": "^2.5.0"
      }
    },
    "node_modules/axios": {
      "version": "0.21.4",
      "resolved": "https://registry.npmjs.org/axios/-/axios-0.21.4.tgz",
      "integrity": "sha512-ut5vewkiu8jjGBdqpM44XxjuCjq9LAKeHVmoVfHVzy8eHgxxq8SbAVQNovDA8mVi05kP0Ea/n/UzcSHcTJQfNg==",
      "dependencies": {
        "follow-redirects": "^1.14.0"
      }
    },
    "node_modules/brewdog-js": {
      "version": "3.0.1",
      "resolved": "https://registry.npmjs.org/brewdog-js/-/brewdog-js-3.0.1.tgz",
      "integrity": "sha512-xlBZgjGATkE4FhTLxNJ9Np8sKdVhNTOVFb9RuUebk++OUPLRykpLNI8oZWt3h2xDv39dvZmpvg94Xbx6FLE+7Q==",
      "dependencies": {
        "axios": "^0.21.0"
      }
    },
    "node_modules/follow-redirects": {
      "version": "1.15.6",
      "resolved": "https://registry.npmjs.org/follow-redirects/-/follow-redirects-1.15.6.tgz",
      "integrity": "sha512-wWN62YITEaOpSK584EZXJafH1AGpO8RVgElfkuXbTOrPX4fIfOyEpW/CsiNd8JdYrAoOvafRTOEnvsO++qCqFA==",
      "funding": [
        {
          "type": "individual",
          "url": "https://github.com/sponsors/RubenVerborgh"
        }
      ],
      "engines": {
        "node": ">=4.0"
      },
      "peerDependenciesMeta": {
        "debug": {
          "optional": true
        }
      }
    },
    "node_modules/lodash": {
      "version": "4.17.21",
      "resolved": "https://registry.npmjs.org/lodash/-/lodash-4.17.21.tgz",
      "integrity": "sha512-v2kDEe57lecTulaDIuNTPy3Ry4gLGJ6Z1O3vE1krgXZNrsQ+LFTGHVxVjcXPs17LhbZVGedAJv8XZ1tvj5FvSg=="
    },
    "node_modules/moment": {
      "version": "2.30.1",
      "resolved": "https://registry.npmjs.org/moment/-/moment-2.30.1.tgz",
      "integrity": "sha512-uEmtNhbDOrWPFS+hdjFCBfy9f2YoyzRpwcl+DqpC6taX21FzsTLQVbMV/W7PzNSX6x/bhC1zA3c2UQ5NzH6how==",
      "engines": {
        "node": "*"
      }
    },
    "node_modules/punkapi-db": {
      "version": "2.6.0",
      "resolved": "https://registry.npmjs.org/punkapi-db/-/punkapi-db-2.6.0.tgz",
      "integrity": "sha512-axh6wHLmUoQPUDtNRAW3G/CnllAbwc3ZtRhHvkvhXK11iqfVdeOv6tnhGHWxiYCiQtmL2uxjpSrR/HBMfT98Mg=="
    },
    "node_modules/punkapi-lib": {
      "version": "2.5.0",
      "resolved": "https://registry.npmjs.org/punkapi-lib/-/punkapi-lib-2.5.0.tgz",
      "integrity": "sha512-s4x6vL0j+4dy0WhFEtvtaqEEb92rGmDarIyAgWo52T0c3rAwiWpi4NOB0ffoB0ng3M/mAkxC1BSMqWq42bK1Xg==",
      "dependencies": {
        "lodash": "^4.17.11",
        "moment": "^2.24.0",
        "punkapi-db": "^2.6.0",
        "unique-random-array": "^2.0.0"
      },
      "engines": {
        "node": ">=8.0.0"
      }
    },
    "node_modules/unique-random": {
      "version": "2.1.0",
      "resolved": "https://registry.npmjs.org/unique-random/-/unique-random-2.1.0.tgz",
      "integrity": "sha512-iQ1ZgWac3b8YxGThecQFRQiqgk6xFERRwHZIWeVVsqlbmgCRl0PY13R4mUkodNgctmg5b5odG1nyW/IbOxQTqg==",
      "engines": {
        "node": ">=6"
      }
    },
    "node_modules/unique-random-array": {
      "version": "2.0.0",
      "resolved": "https://registry.npmjs.org/unique-random-array/-/unique-random-array-2.0.0.tgz",
      "integrity": "sha512-xR87O95fZ7hljw84J8r1YDXrvffPLWN513BNOP4Bv0KcgG5dyEUrHwsvP7mVAOKg4Y80uqRbpUk0GKr8il70qg==",
      "dependencies": {
        "unique-random": "^2.1.0"
      },
      "engines": {
        "node": ">=8"
      }
    }
  }
}
